{
  "name": "af.node.js.dinjection",
  "version": "1.0.0",
  "lockfileVersion": 2,
  "requires": true,
  "packages": {
    "": {
      "name": "af.node.js.dinjection",
      "version": "1.0.0",
      "dependencies": {
        "@types/mssql": "^8.1.1",
        "guid-typescript": "^1.0.9"
      },
      "devDependencies": {
        "@azure/functions": "^3.0.0",
        "@types/node": "16.x",
        "typescript": "^4.0.0"
      }
    },
    "node_modules/@azure/functions": {
      "version": "3.2.0",
      "resolved": "https://registry.npmjs.org/@azure/functions/-/functions-3.2.0.tgz",
      "integrity": "sha512-HbE7iORnYcjLzKNf5mIQRJQDTsVxhoXHRWEZ6KWdGh4e7+F9xTloiBicavbSoVmlAYivenIVpryHanVwsQaHUw==",
      "dev": true
    },
    "node_modules/@types/mssql": {
      "version": "8.1.1",
      "resolved": "https://registry.npmjs.org/@types/mssql/-/mssql-8.1.1.tgz",
      "integrity": "sha512-5gNrxeTBbF9OYe+tj6FVPlBypH4B6MjmBKMtEoU7sOjbpnzi17AZ5M0ob5nQNFo+EFdopGMXlKkUdysUoZ/TRQ==",
      "dependencies": {
        "@types/node": "*",
        "@types/tedious": "*",
        "tarn": "^3.0.1"
      }
    },
    "node_modules/@types/node": {
      "version": "16.11.65",
      "resolved": "https://registry.npmjs.org/@types/node/-/node-16.11.65.tgz",
      "integrity": "sha512-Vfz7wGMOr4jbQGiQHVJm8VjeQwM9Ya7mHe9LtQ264/Epf5n1KiZShOFqk++nBzw6a/ubgYdB9Od7P+MH/LjoWw=="
    },
    "node_modules/@types/tedious": {
      "version": "4.0.9",
      "resolved": "https://registry.npmjs.org/@types/tedious/-/tedious-4.0.9.tgz",
      "integrity": "sha512-ipwFvfy9b2m0gjHsIX0D6NAAwGCKokzf5zJqUZHUGt+7uWVlBIy6n2eyMgiKQ8ChLFVxic/zwQUhjLYNzbHDRA==",
      "dependencies": {
        "@types/node": "*"
      }
    },
    "node_modules/guid-typescript": {
      "version": "1.0.9",
      "resolved": "https://registry.npmjs.org/guid-typescript/-/guid-typescript-1.0.9.tgz",
      "integrity": "sha512-Y8T4vYhEfwJOTbouREvG+3XDsjr8E3kIr7uf+JZ0BYloFsttiHU0WfvANVsR7TxNUJa/WpCnw/Ino/p+DeBhBQ=="
    },
    "node_modules/tarn": {
      "version": "3.0.2",
      "resolved": "https://registry.npmjs.org/tarn/-/tarn-3.0.2.tgz",
      "integrity": "sha512-51LAVKUSZSVfI05vjPESNc5vwqqZpbXCsU+/+wxlOrUjk2SnFTt97v9ZgQrD4YmxYW1Px6w2KjaDitCfkvgxMQ==",
      "engines": {
        "node": ">=8.0.0"
      }
    },
    "node_modules/typescript": {
      "version": "4.8.4",
      "resolved": "https://registry.npmjs.org/typescript/-/typescript-4.8.4.tgz",
      "integrity": "sha512-QCh+85mCy+h0IGff8r5XWzOVSbBO+KfeYrMQh7NJ58QujwcE22u+NUSmUxqF+un70P9GXKxa2HCNiTTMJknyjQ==",
      "dev": true,
      "bin": {
        "tsc": "bin/tsc",
        "tsserver": "bin/tsserver"
      },
      "engines": {
        "node": ">=4.2.0"
      }
    }
  },
  "dependencies": {
    "@azure/functions": {
      "version": "3.2.0",
      "resolved": "https://registry.npmjs.org/@azure/functions/-/functions-3.2.0.tgz",
      "integrity": "sha512-HbE7iORnYcjLzKNf5mIQRJQDTsVxhoXHRWEZ6KWdGh4e7+F9xTloiBicavbSoVmlAYivenIVpryHanVwsQaHUw==",
      "dev": true
    },
    "@types/mssql": {
      "version": "8.1.1",
      "resolved": "https://registry.npmjs.org/@types/mssql/-/mssql-8.1.1.tgz",
      "integrity": "sha512-5gNrxeTBbF9OYe+tj6FVPlBypH4B6MjmBKMtEoU7sOjbpnzi17AZ5M0ob5nQNFo+EFdopGMXlKkUdysUoZ/TRQ==",
      "requires": {
        "@types/node": "*",
        "@types/tedious": "*",
        "tarn": "^3.0.1"
      }
    },
    "@types/node": {
      "version": "16.11.65",
      "resolved": "https://registry.npmjs.org/@types/node/-/node-16.11.65.tgz",
      "integrity": "sha512-Vfz7wGMOr4jbQGiQHVJm8VjeQwM9Ya7mHe9LtQ264/Epf5n1KiZShOFqk++nBzw6a/ubgYdB9Od7P+MH/LjoWw=="
    },
    "@types/tedious": {
      "version": "4.0.9",
      "resolved": "https://registry.npmjs.org/@types/tedious/-/tedious-4.0.9.tgz",
      "integrity": "sha512-ipwFvfy9b2m0gjHsIX0D6NAAwGCKokzf5zJqUZHUGt+7uWVlBIy6n2eyMgiKQ8ChLFVxic/zwQUhjLYNzbHDRA==",
      "requires": {
        "@types/node": "*"
      }
    },
    "guid-typescript": {
      "version": "1.0.9",
      "resolved": "https://registry.npmjs.org/guid-typescript/-/guid-typescript-1.0.9.tgz",
      "integrity": "sha512-Y8T4vYhEfwJOTbouREvG+3XDsjr8E3kIr7uf+JZ0BYloFsttiHU0WfvANVsR7TxNUJa/WpCnw/Ino/p+DeBhBQ=="
    },
    "tarn": {
      "version": "3.0.2",
      "resolved": "https://registry.npmjs.org/tarn/-/tarn-3.0.2.tgz",
      "integrity": "sha512-51LAVKUSZSVfI05vjPESNc5vwqqZpbXCsU+/+wxlOrUjk2SnFTt97v9ZgQrD4YmxYW1Px6w2KjaDitCfkvgxMQ=="
    },
    "typescript": {
      "version": "4.8.4",
      "resolved": "https://registry.npmjs.org/typescript/-/typescript-4.8.4.tgz",
      "integrity": "sha512-QCh+85mCy+h0IGff8r5XWzOVSbBO+KfeYrMQh7NJ58QujwcE22u+NUSmUxqF+un70P9GXKxa2HCNiTTMJknyjQ==",
      "dev": true
    }
  }
}
